
Microsoft Visual Studio Solution File, Format Version 12.00
# Visual Studio 15
VisualStudioVersion = 15.0.27004.2002
MinimumVisualStudioVersion = 10.0.40219.1
Project("{FAE04EC0-301F-11D3-BF4B-00C04F79EFBC}") = "ASPToDoList", "ASPToDoList\ASPToDoList.csproj", "{0AC77716-64A8-42D5-B38A-45BAC87B8A1C}"
EndProject
Global
	GlobalSection(SolutionConfigurationPlatforms) = preSolution
		Debug|Any CPU = Debug|Any CPU
		Release|Any CPU = Release|Any CPU
	EndGlobalSection
	GlobalSection(ProjectConfigurationPlatforms) = postSolution
		{0AC77716-64A8-42D5-B38A-45BAC87B8A1C}.Debug|Any CPU.ActiveCfg = Debug|Any CPU
		{0AC77716-64A8-42D5-B38A-45BAC87B8A1C}.Debug|Any CPU.Build.0 = Debug|Any CPU
		{0AC77716-64A8-42D5-B38A-45BAC87B8A1C}.Release|Any CPU.ActiveCfg = Release|Any CPU
		{0AC77716-64A8-42D5-B38A-45BAC87B8A1C}.Release|Any CPU.Build.0 = Release|Any CPU
	EndGlobalSection
	GlobalSection(SolutionProperties) = preSolution
		HideSolutionNode = FALSE
	EndGlobalSection
	GlobalSection(ExtensibilityGlobals) = postSolution
		SolutionGuid = {80668B91-B901-44AA-8169-E8AE5D82B270}
	EndGlobalSection
EndGlobal
